{
  "object": {
    "pins": [
      {
        "package": "Categorization",
        "repositoryURL": "https://github.com/jvega1976/Categorization.git",
        "state": {
          "branch": "master",
          "revision": "22f6022bf5e7a914c745d932ade422cacecb0506",
          "version": null
        }
      },
      {
        "package": "NMOutlineView",
        "repositoryURL": "https://github.com/jvega1976/nmoutlineview.git",
        "state": {
          "branch": "master",
          "revision": "5806ad24324ab0dc112f1dddbab5b1ef5730f941",
          "version": null
        }
      },
      {
        "package": "TransmissionRPC",
        "repositoryURL": "https://github.com/jvega1976/TransmissionRPC.git",
        "state": {
          "branch": "master",
          "revision": "155368ca3d8b2f3e43f0de54d1da314a2466a4a5",
          "version": null
        }
      }
    ]
  },
  "version": 1
}
