{
  "object": {
    "pins": [
      {
        "package": "Categorization",
        "repositoryURL": "https://github.com/jvega1976/Categorization.git",
        "state": {
          "branch": "master",
          "revision": "314bb9b9d4d06b3e99e8dfa45145ca3051d48424",
          "version": null
        }
      },
      {
        "package": "TransmissionRPC",
        "repositoryURL": "https://github.com/jvega1976/TransmissionRPC.git",
        "state": {
          "branch": "master",
          "revision": "05aca196b2be68933af0f6ef22b163fd9806d0fc",
          "version": null
        }
      }
    ]
  },
  "version": 1
}
